
Microsoft Visual Studio Solution File, Format Version 12.00
# Visual Studio Version 17
VisualStudioVersion = 17.10.35027.167
MinimumVisualStudioVersion = 10.0.40219.1
Project("{FAE04EC0-301F-11D3-BF4B-00C04F79EFBC}") = "25th7_2024", "25th7_2024\25th7_2024.csproj", "{0F75C2FF-AEF8-4C24-B53E-B56EA7C60D03}"
EndProject
Global
	GlobalSection(SolutionConfigurationPlatforms) = preSolution
		Debug|Any CPU = Debug|Any CPU
		Release|Any CPU = Release|Any CPU
	EndGlobalSection
	GlobalSection(ProjectConfigurationPlatforms) = postSolution
		{0F75C2FF-AEF8-4C24-B53E-B56EA7C60D03}.Debug|Any CPU.ActiveCfg = Debug|Any CPU
		{0F75C2FF-AEF8-4C24-B53E-B56EA7C60D03}.Debug|Any CPU.Build.0 = Debug|Any CPU
		{0F75C2FF-AEF8-4C24-B53E-B56EA7C60D03}.Release|Any CPU.ActiveCfg = Release|Any CPU
		{0F75C2FF-AEF8-4C24-B53E-B56EA7C60D03}.Release|Any CPU.Build.0 = Release|Any CPU
	EndGlobalSection
	GlobalSection(SolutionProperties) = preSolution
		HideSolutionNode = FALSE
	EndGlobalSection
	GlobalSection(ExtensibilityGlobals) = postSolution
		SolutionGuid = {DC84E7F5-1D8F-4B82-A9B5-FCC7836AE5C0}
	EndGlobalSection
EndGlobal
